
Microsoft Visual Studio Solution File, Format Version 12.00
# Visual Studio 15
Project("{FAE04EC0-301F-11D3-BF4B-00C04F79EFBC}") = "UnityEngine.TestRunner", "UnityEngine.TestRunner.csproj", "{E8FBBAB6-C352-A1EF-5893-E0B4831E4ED3}"
EndProject
Project("{FAE04EC0-301F-11D3-BF4B-00C04F79EFBC}") = "UnityEngine.UI", "UnityEngine.UI.csproj", "{41420ABD-18EA-2115-8430-AC97647882C0}"
EndProject
Project("{FAE04EC0-301F-11D3-BF4B-00C04F79EFBC}") = "Unity.VisualScripting.Flow", "Unity.VisualScripting.Flow.csproj", "{939F3431-7C4F-8A1F-C73C-1D07F946049A}"
EndProject
Project("{FAE04EC0-301F-11D3-BF4B-00C04F79EFBC}") = "Unity.Mathematics", "Unity.Mathematics.csproj", "{E5402881-1F58-C2F7-D131-D574171518E3}"
EndProject
Project("{FAE04EC0-301F-11D3-BF4B-00C04F79EFBC}") = "Unity.VisualScripting.State", "Unity.VisualScripting.State.csproj", "{D1EECA93-96BC-4F19-A970-678DE73F073B}"
EndProject
Project("{FAE04EC0-301F-11D3-BF4B-00C04F79EFBC}") = "Unity.VisualScripting.Core", "Unity.VisualScripting.Core.csproj", "{7796F07F-406F-C262-B70B-B90F26775FA3}"
EndProject
Project("{FAE04EC0-301F-11D3-BF4B-00C04F79EFBC}") = "Unity.Burst", "Unity.Burst.csproj", "{2A717A08-F83B-2934-2999-300B2D77D27F}"
EndProject
Project("{FAE04EC0-301F-11D3-BF4B-00C04F79EFBC}") = "Unity.2D.Animation.Runtime", "Unity.2D.Animation.Runtime.csproj", "{D6A5DC18-D434-555D-A834-20BBBE7946E9}"
EndProject
Project("{FAE04EC0-301F-11D3-BF4B-00C04F79EFBC}") = "Unity.TextMeshPro", "Unity.TextMeshPro.csproj", "{C1E30501-442B-14F5-7194-88855DA7B5AD}"
EndProject
Project("{FAE04EC0-301F-11D3-BF4B-00C04F79EFBC}") = "Unity.Timeline", "Unity.Timeline.csproj", "{A19F1010-6EFE-67B4-E51E-977DBE92160E}"
EndProject
Project("{FAE04EC0-301F-11D3-BF4B-00C04F79EFBC}") = "Unity.2D.SpriteShape.Runtime", "Unity.2D.SpriteShape.Runtime.csproj", "{36788C08-FFEC-1333-FDA6-1D958238785E}"
EndProject
Project("{FAE04EC0-301F-11D3-BF4B-00C04F79EFBC}") = "Unity.2D.PixelPerfect", "Unity.2D.PixelPerfect.csproj", "{FBB70374-997F-916D-2265-CB8B2CC5D1A6}"
EndProject
Project("{FAE04EC0-301F-11D3-BF4B-00C04F79EFBC}") = "Assembly-CSharp", "Assembly-CSharp.csproj", "{646E2AE8-B047-15E7-FF91-DBEF9D704A59}"
EndProject
Project("{FAE04EC0-301F-11D3-BF4B-00C04F79EFBC}") = "Unity.2D.Common.Runtime", "Unity.2D.Common.Runtime.csproj", "{51EF843C-D05E-E580-06C5-7C00974CFBA6}"
EndProject
Project("{FAE04EC0-301F-11D3-BF4B-00C04F79EFBC}") = "Unity.2D.IK.Runtime", "Unity.2D.IK.Runtime.csproj", "{9C36C9DE-BF97-8716-3EA8-AA6FE10272B4}"
EndProject
Project("{FAE04EC0-301F-11D3-BF4B-00C04F79EFBC}") = "Unity.2D.Tilemap.Extras", "Unity.2D.Tilemap.Extras.csproj", "{D86FEBBD-23C0-FEEC-DCD2-5FAD8331542E}"
EndProject
Project("{FAE04EC0-301F-11D3-BF4B-00C04F79EFBC}") = "Unity.InternalAPIEngineBridge.001", "Unity.InternalAPIEngineBridge.001.csproj", "{F0BE78F2-2944-C15C-0FCF-61663295AFF6}"
EndProject
Project("{FAE04EC0-301F-11D3-BF4B-00C04F79EFBC}") = "Unity.PlasticSCM.Editor", "Unity.PlasticSCM.Editor.csproj", "{3102D80C-BA6F-9BBB-A9F4-AF62DA49BEC4}"
EndProject
Project("{FAE04EC0-301F-11D3-BF4B-00C04F79EFBC}") = "Unity.VisualScripting.Core.Editor", "Unity.VisualScripting.Core.Editor.csproj", "{D6CC53A5-6506-ABBD-0502-8B7DF4B49CD9}"
EndProject
Project("{FAE04EC0-301F-11D3-BF4B-00C04F79EFBC}") = "Unity.VisualScripting.Flow.Editor", "Unity.VisualScripting.Flow.Editor.csproj", "{E72F01A0-EDC8-FF21-7399-1C65DB9572CB}"
EndProject
Project("{FAE04EC0-301F-11D3-BF4B-00C04F79EFBC}") = "Unity.VisualStudio.Editor", "Unity.VisualStudio.Editor.csproj", "{E2E0DDED-388A-1192-9B5C-1AB4B2B9D9F4}"
EndProject
Project("{FAE04EC0-301F-11D3-BF4B-00C04F79EFBC}") = "Unity.Timeline.Editor", "Unity.Timeline.Editor.csproj", "{159B2223-500B-26BB-B14B-BB5C5D1D85BF}"
EndProject
Project("{FAE04EC0-301F-11D3-BF4B-00C04F79EFBC}") = "Unity.VisualScripting.State.Editor", "Unity.VisualScripting.State.Editor.csproj", "{270F786A-5FF9-8A33-0859-E83BF8245BEE}"
EndProject
Project("{FAE04EC0-301F-11D3-BF4B-00C04F79EFBC}") = "Unity.TextMeshPro.Editor", "Unity.TextMeshPro.Editor.csproj", "{C1CFF7FF-ECB0-DC1D-9F16-8B5D7059FE29}"
EndProject
Project("{FAE04EC0-301F-11D3-BF4B-00C04F79EFBC}") = "Unity.2D.PixelPerfect.Editor", "Unity.2D.PixelPerfect.Editor.csproj", "{90B49617-AC09-0D28-7BB0-3D103698AB94}"
EndProject
Project("{FAE04EC0-301F-11D3-BF4B-00C04F79EFBC}") = "Unity.2D.Animation.Editor", "Unity.2D.Animation.Editor.csproj", "{6621CDF7-03C7-CE20-425D-A93050A544F8}"
EndProject
Project("{FAE04EC0-301F-11D3-BF4B-00C04F79EFBC}") = "Unity.VisualScripting.SettingsProvider.Editor", "Unity.VisualScripting.SettingsProvider.Editor.csproj", "{A961539B-094B-A54F-6AAE-84ADBB907D99}"
EndProject
Project("{FAE04EC0-301F-11D3-BF4B-00C04F79EFBC}") = "Unity.2D.Psdimporter.Editor", "Unity.2D.Psdimporter.Editor.csproj", "{4E195E8B-A51D-D6F9-2FC2-3D4262722990}"
EndProject
Project("{FAE04EC0-301F-11D3-BF4B-00C04F79EFBC}") = "UnityEditor.TestRunner", "UnityEditor.TestRunner.csproj", "{0E9B8D45-2DB5-97C7-D4D3-24BE33297B0A}"
EndProject
Project("{FAE04EC0-301F-11D3-BF4B-00C04F79EFBC}") = "Unity.2D.Tilemap.Editor", "Unity.2D.Tilemap.Editor.csproj", "{BF72DDA4-6364-08C3-3DA5-8DA166788299}"
EndProject
Project("{FAE04EC0-301F-11D3-BF4B-00C04F79EFBC}") = "Unity.Rider.Editor", "Unity.Rider.Editor.csproj", "{B5C4EB16-456D-FD2F-351B-EF2B36CC2A02}"
EndProject
Project("{FAE04EC0-301F-11D3-BF4B-00C04F79EFBC}") = "Unity.2D.Path.Editor", "Unity.2D.Path.Editor.csproj", "{737098ED-2E1F-379B-C0E3-613ACD49B758}"
EndProject
Project("{FAE04EC0-301F-11D3-BF4B-00C04F79EFBC}") = "PsdPlugin", "PsdPlugin.csproj", "{57D1D246-B3F5-BA50-F58C-7D6A330B4D37}"
EndProject
Project("{FAE04EC0-301F-11D3-BF4B-00C04F79EFBC}") = "Unity.2D.IK.Editor", "Unity.2D.IK.Editor.csproj", "{01208276-C2B6-4602-6439-4A23024AA762}"
EndProject
Project("{FAE04EC0-301F-11D3-BF4B-00C04F79EFBC}") = "Unity.2D.SpriteShape.Editor", "Unity.2D.SpriteShape.Editor.csproj", "{C8032BAC-58B4-262E-5527-5EF9C2D4401F}"
EndProject
Project("{FAE04EC0-301F-11D3-BF4B-00C04F79EFBC}") = "Unity.Burst.CodeGen", "Unity.Burst.CodeGen.csproj", "{11226AC3-3671-DD98-418F-A2466D946450}"
EndProject
Project("{FAE04EC0-301F-11D3-BF4B-00C04F79EFBC}") = "Unity.VSCode.Editor", "Unity.VSCode.Editor.csproj", "{3F3ADD52-EFB5-287F-4695-841139A79A89}"
EndProject
Project("{FAE04EC0-301F-11D3-BF4B-00C04F79EFBC}") = "Unity.2D.Sprite.Editor", "Unity.2D.Sprite.Editor.csproj", "{957EF2DE-C951-85F8-3795-0670CF6B5E1C}"
EndProject
Project("{FAE04EC0-301F-11D3-BF4B-00C04F79EFBC}") = "UnityEditor.UI", "UnityEditor.UI.csproj", "{4D2E0FA3-DF6D-B181-3CF7-B2EDD8133206}"
EndProject
Project("{FAE04EC0-301F-11D3-BF4B-00C04F79EFBC}") = "TextToTMP.Editor", "TextToTMP.Editor.csproj", "{E947B9AA-9697-3C6E-F614-5F37B171C30D}"
EndProject
Project("{FAE04EC0-301F-11D3-BF4B-00C04F79EFBC}") = "Unity.2D.Common.Editor", "Unity.2D.Common.Editor.csproj", "{E6C6D1B6-1AC7-D7F2-B957-B93EE368893D}"
EndProject
Project("{FAE04EC0-301F-11D3-BF4B-00C04F79EFBC}") = "Unity.CollabProxy.Editor", "Unity.CollabProxy.Editor.csproj", "{12CF8E3C-723D-A774-8C1E-66A282F17233}"
EndProject
Project("{FAE04EC0-301F-11D3-BF4B-00C04F79EFBC}") = "Unity.Mathematics.Editor", "Unity.Mathematics.Editor.csproj", "{8BAE4E07-0B56-BC58-E26E-8F738A9C4F8C}"
EndProject
Project("{FAE04EC0-301F-11D3-BF4B-00C04F79EFBC}") = "Unity.2D.Tilemap.Extras.Editor", "Unity.2D.Tilemap.Extras.Editor.csproj", "{D308453A-89E5-D0CC-68F5-41B4A9409BFB}"
EndProject
Project("{FAE04EC0-301F-11D3-BF4B-00C04F79EFBC}") = "Unity.Burst.Editor", "Unity.Burst.Editor.csproj", "{64C8034B-9975-6E74-827A-B87FDFD079E2}"
EndProject
Project("{FAE04EC0-301F-11D3-BF4B-00C04F79EFBC}") = "Unity.InternalAPIEditorBridge.001", "Unity.InternalAPIEditorBridge.001.csproj", "{50234893-0F37-1853-1972-C33A8E1765DF}"
EndProject
Project("{FAE04EC0-301F-11D3-BF4B-00C04F79EFBC}") = "Unity.VisualScripting.Shared.Editor", "Unity.VisualScripting.Shared.Editor.csproj", "{C29749EC-C863-7AF2-6812-A61F477C70EA}"
EndProject
Project("{FAE04EC0-301F-11D3-BF4B-00C04F79EFBC}") = "UnityEngine.TestRunner", "UnityEngine.TestRunner.Player.csproj", "{57B6F2F9-1D6A-3916-6D72-10793CB0B0FC}"
EndProject
Project("{FAE04EC0-301F-11D3-BF4B-00C04F79EFBC}") = "UnityEngine.UI", "UnityEngine.UI.Player.csproj", "{71C73C4E-27FA-5912-92A9-339BF06EB49E}"
EndProject
Project("{FAE04EC0-301F-11D3-BF4B-00C04F79EFBC}") = "Unity.VisualScripting.Flow", "Unity.VisualScripting.Flow.Player.csproj", "{70065904-C278-E482-4FDD-A20C7870BF7D}"
EndProject
Project("{FAE04EC0-301F-11D3-BF4B-00C04F79EFBC}") = "Unity.Mathematics", "Unity.Mathematics.Player.csproj", "{536799D6-288A-D80D-EEDF-2FAD8F447588}"
EndProject
Project("{FAE04EC0-301F-11D3-BF4B-00C04F79EFBC}") = "Unity.VisualScripting.State", "Unity.VisualScripting.State.Player.csproj", "{8B725F9A-ADEB-BFD1-CB97-74E636F23C50}"
EndProject
Project("{FAE04EC0-301F-11D3-BF4B-00C04F79EFBC}") = "Unity.VisualScripting.Core", "Unity.VisualScripting.Core.Player.csproj", "{2D39A8B9-9DF4-D30A-0EFB-120AF85CC2C9}"
EndProject
Project("{FAE04EC0-301F-11D3-BF4B-00C04F79EFBC}") = "Unity.Burst", "Unity.Burst.Player.csproj", "{FD45C3EC-D9AF-EF0E-BB59-ADBA5734F01D}"
EndProject
Project("{FAE04EC0-301F-11D3-BF4B-00C04F79EFBC}") = "Unity.2D.Animation.Runtime", "Unity.2D.Animation.Runtime.Player.csproj", "{EE0CF471-BA87-2E82-70EA-D5FAC4F1D993}"
EndProject
Project("{FAE04EC0-301F-11D3-BF4B-00C04F79EFBC}") = "Unity.TextMeshPro", "Unity.TextMeshPro.Player.csproj", "{CFFF0D51-F7A5-CA10-29EB-4C1E1770BD7E}"
EndProject
Project("{FAE04EC0-301F-11D3-BF4B-00C04F79EFBC}") = "Unity.Timeline", "Unity.Timeline.Player.csproj", "{D7638BDD-E7F6-75B4-5FDF-DF20A86CF9A3}"
EndProject
Project("{FAE04EC0-301F-11D3-BF4B-00C04F79EFBC}") = "Unity.2D.SpriteShape.Runtime", "Unity.2D.SpriteShape.Runtime.Player.csproj", "{FBE5B5A7-1810-F3EF-2DD9-FD2A66A13D6A}"
EndProject
Project("{FAE04EC0-301F-11D3-BF4B-00C04F79EFBC}") = "Unity.2D.PixelPerfect", "Unity.2D.PixelPerfect.Player.csproj", "{7EDBDEFD-27B5-28D1-3225-19CE43C98311}"
EndProject
Project("{FAE04EC0-301F-11D3-BF4B-00C04F79EFBC}") = "Assembly-CSharp", "Assembly-CSharp.Player.csproj", "{34E98353-BA5A-C2E0-43B4-7FD1D8D9DA8C}"
EndProject
Project("{FAE04EC0-301F-11D3-BF4B-00C04F79EFBC}") = "Unity.2D.Common.Runtime", "Unity.2D.Common.Runtime.Player.csproj", "{5A5E65D0-7214-0212-C911-C4CD1FEC08DF}"
EndProject
Project("{FAE04EC0-301F-11D3-BF4B-00C04F79EFBC}") = "Unity.2D.IK.Runtime", "Unity.2D.IK.Runtime.Player.csproj", "{D25C81EF-66F0-9846-DA9F-A4D90B21490B}"
EndProject
Project("{FAE04EC0-301F-11D3-BF4B-00C04F79EFBC}") = "Unity.2D.Tilemap.Extras", "Unity.2D.Tilemap.Extras.Player.csproj", "{71AFAF08-1726-CA8A-13F4-FC6DD9116E62}"
EndProject
Project("{FAE04EC0-301F-11D3-BF4B-00C04F79EFBC}") = "Unity.InternalAPIEngineBridge.001", "Unity.InternalAPIEngineBridge.001.Player.csproj", "{32306893-26E0-90CA-759B-0843BCCE0430}"
EndProject
Global
	GlobalSection(SolutionConfigurationPlatforms) = preSolution
		Debug|Any CPU = Debug|Any CPU
		Release|Any CPU = Release|Any CPU
	EndGlobalSection
	GlobalSection(ProjectConfigurationPlatforms) = postSolution
		{E8FBBAB6-C352-A1EF-5893-E0B4831E4ED3}.Debug|Any CPU.ActiveCfg = Debug|Any CPU
		{E8FBBAB6-C352-A1EF-5893-E0B4831E4ED3}.Debug|Any CPU.Build.0 = Debug|Any CPU
		{E8FBBAB6-C352-A1EF-5893-E0B4831E4ED3}.Release|Any CPU.ActiveCfg = Release|Any CPU
		{E8FBBAB6-C352-A1EF-5893-E0B4831E4ED3}.Release|Any CPU.Build.0 = Release|Any CPU
		{41420ABD-18EA-2115-8430-AC97647882C0}.Debug|Any CPU.ActiveCfg = Debug|Any CPU
		{41420ABD-18EA-2115-8430-AC97647882C0}.Debug|Any CPU.Build.0 = Debug|Any CPU
		{41420ABD-18EA-2115-8430-AC97647882C0}.Release|Any CPU.ActiveCfg = Release|Any CPU
		{41420ABD-18EA-2115-8430-AC97647882C0}.Release|Any CPU.Build.0 = Release|Any CPU
		{939F3431-7C4F-8A1F-C73C-1D07F946049A}.Debug|Any CPU.ActiveCfg = Debug|Any CPU
		{939F3431-7C4F-8A1F-C73C-1D07F946049A}.Debug|Any CPU.Build.0 = Debug|Any CPU
		{939F3431-7C4F-8A1F-C73C-1D07F946049A}.Release|Any CPU.ActiveCfg = Release|Any CPU
		{939F3431-7C4F-8A1F-C73C-1D07F946049A}.Release|Any CPU.Build.0 = Release|Any CPU
		{E5402881-1F58-C2F7-D131-D574171518E3}.Debug|Any CPU.ActiveCfg = Debug|Any CPU
		{E5402881-1F58-C2F7-D131-D574171518E3}.Debug|Any CPU.Build.0 = Debug|Any CPU
		{E5402881-1F58-C2F7-D131-D574171518E3}.Release|Any CPU.ActiveCfg = Release|Any CPU
		{E5402881-1F58-C2F7-D131-D574171518E3}.Release|Any CPU.Build.0 = Release|Any CPU
		{D1EECA93-96BC-4F19-A970-678DE73F073B}.Debug|Any CPU.ActiveCfg = Debug|Any CPU
		{D1EECA93-96BC-4F19-A970-678DE73F073B}.Debug|Any CPU.Build.0 = Debug|Any CPU
		{D1EECA93-96BC-4F19-A970-678DE73F073B}.Release|Any CPU.ActiveCfg = Release|Any CPU
		{D1EECA93-96BC-4F19-A970-678DE73F073B}.Release|Any CPU.Build.0 = Release|Any CPU
		{7796F07F-406F-C262-B70B-B90F26775FA3}.Debug|Any CPU.ActiveCfg = Debug|Any CPU
		{7796F07F-406F-C262-B70B-B90F26775FA3}.Debug|Any CPU.Build.0 = Debug|Any CPU
		{7796F07F-406F-C262-B70B-B90F26775FA3}.Release|Any CPU.ActiveCfg = Release|Any CPU
		{7796F07F-406F-C262-B70B-B90F26775FA3}.Release|Any CPU.Build.0 = Release|Any CPU
		{2A717A08-F83B-2934-2999-300B2D77D27F}.Debug|Any CPU.ActiveCfg = Debug|Any CPU
		{2A717A08-F83B-2934-2999-300B2D77D27F}.Debug|Any CPU.Build.0 = Debug|Any CPU
		{2A717A08-F83B-2934-2999-300B2D77D27F}.Release|Any CPU.ActiveCfg = Release|Any CPU
		{2A717A08-F83B-2934-2999-300B2D77D27F}.Release|Any CPU.Build.0 = Release|Any CPU
		{D6A5DC18-D434-555D-A834-20BBBE7946E9}.Debug|Any CPU.ActiveCfg = Debug|Any CPU
		{D6A5DC18-D434-555D-A834-20BBBE7946E9}.Debug|Any CPU.Build.0 = Debug|Any CPU
		{D6A5DC18-D434-555D-A834-20BBBE7946E9}.Release|Any CPU.ActiveCfg = Release|Any CPU
		{D6A5DC18-D434-555D-A834-20BBBE7946E9}.Release|Any CPU.Build.0 = Release|Any CPU
		{C1E30501-442B-14F5-7194-88855DA7B5AD}.Debug|Any CPU.ActiveCfg = Debug|Any CPU
		{C1E30501-442B-14F5-7194-88855DA7B5AD}.Debug|Any CPU.Build.0 = Debug|Any CPU
		{C1E30501-442B-14F5-7194-88855DA7B5AD}.Release|Any CPU.ActiveCfg = Release|Any CPU
		{C1E30501-442B-14F5-7194-88855DA7B5AD}.Release|Any CPU.Build.0 = Release|Any CPU
		{A19F1010-6EFE-67B4-E51E-977DBE92160E}.Debug|Any CPU.ActiveCfg = Debug|Any CPU
		{A19F1010-6EFE-67B4-E51E-977DBE92160E}.Debug|Any CPU.Build.0 = Debug|Any CPU
		{A19F1010-6EFE-67B4-E51E-977DBE92160E}.Release|Any CPU.ActiveCfg = Release|Any CPU
		{A19F1010-6EFE-67B4-E51E-977DBE92160E}.Release|Any CPU.Build.0 = Release|Any CPU
		{36788C08-FFEC-1333-FDA6-1D958238785E}.Debug|Any CPU.ActiveCfg = Debug|Any CPU
		{36788C08-FFEC-1333-FDA6-1D958238785E}.Debug|Any CPU.Build.0 = Debug|Any CPU
		{36788C08-FFEC-1333-FDA6-1D958238785E}.Release|Any CPU.ActiveCfg = Release|Any CPU
		{36788C08-FFEC-1333-FDA6-1D958238785E}.Release|Any CPU.Build.0 = Release|Any CPU
		{FBB70374-997F-916D-2265-CB8B2CC5D1A6}.Debug|Any CPU.ActiveCfg = Debug|Any CPU
		{FBB70374-997F-916D-2265-CB8B2CC5D1A6}.Debug|Any CPU.Build.0 = Debug|Any CPU
		{FBB70374-997F-916D-2265-CB8B2CC5D1A6}.Release|Any CPU.ActiveCfg = Release|Any CPU
		{FBB70374-997F-916D-2265-CB8B2CC5D1A6}.Release|Any CPU.Build.0 = Release|Any CPU
		{646E2AE8-B047-15E7-FF91-DBEF9D704A59}.Debug|Any CPU.ActiveCfg = Debug|Any CPU
		{646E2AE8-B047-15E7-FF91-DBEF9D704A59}.Debug|Any CPU.Build.0 = Debug|Any CPU
		{646E2AE8-B047-15E7-FF91-DBEF9D704A59}.Release|Any CPU.ActiveCfg = Release|Any CPU
		{646E2AE8-B047-15E7-FF91-DBEF9D704A59}.Release|Any CPU.Build.0 = Release|Any CPU
		{51EF843C-D05E-E580-06C5-7C00974CFBA6}.Debug|Any CPU.ActiveCfg = Debug|Any CPU
		{51EF843C-D05E-E580-06C5-7C00974CFBA6}.Debug|Any CPU.Build.0 = Debug|Any CPU
		{51EF843C-D05E-E580-06C5-7C00974CFBA6}.Release|Any CPU.ActiveCfg = Release|Any CPU
		{51EF843C-D05E-E580-06C5-7C00974CFBA6}.Release|Any CPU.Build.0 = Release|Any CPU
		{9C36C9DE-BF97-8716-3EA8-AA6FE10272B4}.Debug|Any CPU.ActiveCfg = Debug|Any CPU
		{9C36C9DE-BF97-8716-3EA8-AA6FE10272B4}.Debug|Any CPU.Build.0 = Debug|Any CPU
		{9C36C9DE-BF97-8716-3EA8-AA6FE10272B4}.Release|Any CPU.ActiveCfg = Release|Any CPU
		{9C36C9DE-BF97-8716-3EA8-AA6FE10272B4}.Release|Any CPU.Build.0 = Release|Any CPU
		{D86FEBBD-23C0-FEEC-DCD2-5FAD8331542E}.Debug|Any CPU.ActiveCfg = Debug|Any CPU
		{D86FEBBD-23C0-FEEC-DCD2-5FAD8331542E}.Debug|Any CPU.Build.0 = Debug|Any CPU
		{D86FEBBD-23C0-FEEC-DCD2-5FAD8331542E}.Release|Any CPU.ActiveCfg = Release|Any CPU
		{D86FEBBD-23C0-FEEC-DCD2-5FAD8331542E}.Release|Any CPU.Build.0 = Release|Any CPU
		{F0BE78F2-2944-C15C-0FCF-61663295AFF6}.Debug|Any CPU.ActiveCfg = Debug|Any CPU
		{F0BE78F2-2944-C15C-0FCF-61663295AFF6}.Debug|Any CPU.Build.0 = Debug|Any CPU
		{F0BE78F2-2944-C15C-0FCF-61663295AFF6}.Release|Any CPU.ActiveCfg = Release|Any CPU
		{F0BE78F2-2944-C15C-0FCF-61663295AFF6}.Release|Any CPU.Build.0 = Release|Any CPU
		{3102D80C-BA6F-9BBB-A9F4-AF62DA49BEC4}.Debug|Any CPU.ActiveCfg = Debug|Any CPU
		{3102D80C-BA6F-9BBB-A9F4-AF62DA49BEC4}.Debug|Any CPU.Build.0 = Debug|Any CPU
		{3102D80C-BA6F-9BBB-A9F4-AF62DA49BEC4}.Release|Any CPU.ActiveCfg = Release|Any CPU
		{3102D80C-BA6F-9BBB-A9F4-AF62DA49BEC4}.Release|Any CPU.Build.0 = Release|Any CPU
		{D6CC53A5-6506-ABBD-0502-8B7DF4B49CD9}.Debug|Any CPU.ActiveCfg = Debug|Any CPU
		{D6CC53A5-6506-ABBD-0502-8B7DF4B49CD9}.Debug|Any CPU.Build.0 = Debug|Any CPU
		{D6CC53A5-6506-ABBD-0502-8B7DF4B49CD9}.Release|Any CPU.ActiveCfg = Release|Any CPU
		{D6CC53A5-6506-ABBD-0502-8B7DF4B49CD9}.Release|Any CPU.Build.0 = Release|Any CPU
		{E72F01A0-EDC8-FF21-7399-1C65DB9572CB}.Debug|Any CPU.ActiveCfg = Debug|Any CPU
		{E72F01A0-EDC8-FF21-7399-1C65DB9572CB}.Debug|Any CPU.Build.0 = Debug|Any CPU
		{E72F01A0-EDC8-FF21-7399-1C65DB9572CB}.Release|Any CPU.ActiveCfg = Release|Any CPU
		{E72F01A0-EDC8-FF21-7399-1C65DB9572CB}.Release|Any CPU.Build.0 = Release|Any CPU
		{E2E0DDED-388A-1192-9B5C-1AB4B2B9D9F4}.Debug|Any CPU.ActiveCfg = Debug|Any CPU
		{E2E0DDED-388A-1192-9B5C-1AB4B2B9D9F4}.Debug|Any CPU.Build.0 = Debug|Any CPU
		{E2E0DDED-388A-1192-9B5C-1AB4B2B9D9F4}.Release|Any CPU.ActiveCfg = Release|Any CPU
		{E2E0DDED-388A-1192-9B5C-1AB4B2B9D9F4}.Release|Any CPU.Build.0 = Release|Any CPU
		{159B2223-500B-26BB-B14B-BB5C5D1D85BF}.Debug|Any CPU.ActiveCfg = Debug|Any CPU
		{159B2223-500B-26BB-B14B-BB5C5D1D85BF}.Debug|Any CPU.Build.0 = Debug|Any CPU
		{159B2223-500B-26BB-B14B-BB5C5D1D85BF}.Release|Any CPU.ActiveCfg = Release|Any CPU
		{159B2223-500B-26BB-B14B-BB5C5D1D85BF}.Release|Any CPU.Build.0 = Release|Any CPU
		{270F786A-5FF9-8A33-0859-E83BF8245BEE}.Debug|Any CPU.ActiveCfg = Debug|Any CPU
		{270F786A-5FF9-8A33-0859-E83BF8245BEE}.Debug|Any CPU.Build.0 = Debug|Any CPU
		{270F786A-5FF9-8A33-0859-E83BF8245BEE}.Release|Any CPU.ActiveCfg = Release|Any CPU
		{270F786A-5FF9-8A33-0859-E83BF8245BEE}.Release|Any CPU.Build.0 = Release|Any CPU
		{C1CFF7FF-ECB0-DC1D-9F16-8B5D7059FE29}.Debug|Any CPU.ActiveCfg = Debug|Any CPU
		{C1CFF7FF-ECB0-DC1D-9F16-8B5D7059FE29}.Debug|Any CPU.Build.0 = Debug|Any CPU
		{C1CFF7FF-ECB0-DC1D-9F16-8B5D7059FE29}.Release|Any CPU.ActiveCfg = Release|Any CPU
		{C1CFF7FF-ECB0-DC1D-9F16-8B5D7059FE29}.Release|Any CPU.Build.0 = Release|Any CPU
		{90B49617-AC09-0D28-7BB0-3D103698AB94}.Debug|Any CPU.ActiveCfg = Debug|Any CPU
		{90B49617-AC09-0D28-7BB0-3D103698AB94}.Debug|Any CPU.Build.0 = Debug|Any CPU
		{90B49617-AC09-0D28-7BB0-3D103698AB94}.Release|Any CPU.ActiveCfg = Release|Any CPU
		{90B49617-AC09-0D28-7BB0-3D103698AB94}.Release|Any CPU.Build.0 = Release|Any CPU
		{6621CDF7-03C7-CE20-425D-A93050A544F8}.Debug|Any CPU.ActiveCfg = Debug|Any CPU
		{6621CDF7-03C7-CE20-425D-A93050A544F8}.Debug|Any CPU.Build.0 = Debug|Any CPU
		{6621CDF7-03C7-CE20-425D-A93050A544F8}.Release|Any CPU.ActiveCfg = Release|Any CPU
		{6621CDF7-03C7-CE20-425D-A93050A544F8}.Release|Any CPU.Build.0 = Release|Any CPU
		{A961539B-094B-A54F-6AAE-84ADBB907D99}.Debug|Any CPU.ActiveCfg = Debug|Any CPU
		{A961539B-094B-A54F-6AAE-84ADBB907D99}.Debug|Any CPU.Build.0 = Debug|Any CPU
		{A961539B-094B-A54F-6AAE-84ADBB907D99}.Release|Any CPU.ActiveCfg = Release|Any CPU
		{A961539B-094B-A54F-6AAE-84ADBB907D99}.Release|Any CPU.Build.0 = Release|Any CPU
		{4E195E8B-A51D-D6F9-2FC2-3D4262722990}.Debug|Any CPU.ActiveCfg = Debug|Any CPU
		{4E195E8B-A51D-D6F9-2FC2-3D4262722990}.Debug|Any CPU.Build.0 = Debug|Any CPU
		{4E195E8B-A51D-D6F9-2FC2-3D4262722990}.Release|Any CPU.ActiveCfg = Release|Any CPU
		{4E195E8B-A51D-D6F9-2FC2-3D4262722990}.Release|Any CPU.Build.0 = Release|Any CPU
		{0E9B8D45-2DB5-97C7-D4D3-24BE33297B0A}.Debug|Any CPU.ActiveCfg = Debug|Any CPU
		{0E9B8D45-2DB5-97C7-D4D3-24BE33297B0A}.Debug|Any CPU.Build.0 = Debug|Any CPU
		{0E9B8D45-2DB5-97C7-D4D3-24BE33297B0A}.Release|Any CPU.ActiveCfg = Release|Any CPU
		{0E9B8D45-2DB5-97C7-D4D3-24BE33297B0A}.Release|Any CPU.Build.0 = Release|Any CPU
		{BF72DDA4-6364-08C3-3DA5-8DA166788299}.Debug|Any CPU.ActiveCfg = Debug|Any CPU
		{BF72DDA4-6364-08C3-3DA5-8DA166788299}.Debug|Any CPU.Build.0 = Debug|Any CPU
		{BF72DDA4-6364-08C3-3DA5-8DA166788299}.Release|Any CPU.ActiveCfg = Release|Any CPU
		{BF72DDA4-6364-08C3-3DA5-8DA166788299}.Release|Any CPU.Build.0 = Release|Any CPU
		{B5C4EB16-456D-FD2F-351B-EF2B36CC2A02}.Debug|Any CPU.ActiveCfg = Debug|Any CPU
		{B5C4EB16-456D-FD2F-351B-EF2B36CC2A02}.Debug|Any CPU.Build.0 = Debug|Any CPU
		{B5C4EB16-456D-FD2F-351B-EF2B36CC2A02}.Release|Any CPU.ActiveCfg = Release|Any CPU
		{B5C4EB16-456D-FD2F-351B-EF2B36CC2A02}.Release|Any CPU.Build.0 = Release|Any CPU
		{737098ED-2E1F-379B-C0E3-613ACD49B758}.Debug|Any CPU.ActiveCfg = Debug|Any CPU
		{737098ED-2E1F-379B-C0E3-613ACD49B758}.Debug|Any CPU.Build.0 = Debug|Any CPU
		{737098ED-2E1F-379B-C0E3-613ACD49B758}.Release|Any CPU.ActiveCfg = Release|Any CPU
		{737098ED-2E1F-379B-C0E3-613ACD49B758}.Release|Any CPU.Build.0 = Release|Any CPU
		{57D1D246-B3F5-BA50-F58C-7D6A330B4D37}.Debug|Any CPU.ActiveCfg = Debug|Any CPU
		{57D1D246-B3F5-BA50-F58C-7D6A330B4D37}.Debug|Any CPU.Build.0 = Debug|Any CPU
		{57D1D246-B3F5-BA50-F58C-7D6A330B4D37}.Release|Any CPU.ActiveCfg = Release|Any CPU
		{57D1D246-B3F5-BA50-F58C-7D6A330B4D37}.Release|Any CPU.Build.0 = Release|Any CPU
		{01208276-C2B6-4602-6439-4A23024AA762}.Debug|Any CPU.ActiveCfg = Debug|Any CPU
		{01208276-C2B6-4602-6439-4A23024AA762}.Debug|Any CPU.Build.0 = Debug|Any CPU
		{01208276-C2B6-4602-6439-4A23024AA762}.Release|Any CPU.ActiveCfg = Release|Any CPU
		{01208276-C2B6-4602-6439-4A23024AA762}.Release|Any CPU.Build.0 = Release|Any CPU
		{C8032BAC-58B4-262E-5527-5EF9C2D4401F}.Debug|Any CPU.ActiveCfg = Debug|Any CPU
		{C8032BAC-58B4-262E-5527-5EF9C2D4401F}.Debug|Any CPU.Build.0 = Debug|Any CPU
		{C8032BAC-58B4-262E-5527-5EF9C2D4401F}.Release|Any CPU.ActiveCfg = Release|Any CPU
		{C8032BAC-58B4-262E-5527-5EF9C2D4401F}.Release|Any CPU.Build.0 = Release|Any CPU
		{11226AC3-3671-DD98-418F-A2466D946450}.Debug|Any CPU.ActiveCfg = Debug|Any CPU
		{11226AC3-3671-DD98-418F-A2466D946450}.Debug|Any CPU.Build.0 = Debug|Any CPU
		{11226AC3-3671-DD98-418F-A2466D946450}.Release|Any CPU.ActiveCfg = Release|Any CPU
		{11226AC3-3671-DD98-418F-A2466D946450}.Release|Any CPU.Build.0 = Release|Any CPU
		{3F3ADD52-EFB5-287F-4695-841139A79A89}.Debug|Any CPU.ActiveCfg = Debug|Any CPU
		{3F3ADD52-EFB5-287F-4695-841139A79A89}.Debug|Any CPU.Build.0 = Debug|Any CPU
		{3F3ADD52-EFB5-287F-4695-841139A79A89}.Release|Any CPU.ActiveCfg = Release|Any CPU
		{3F3ADD52-EFB5-287F-4695-841139A79A89}.Release|Any CPU.Build.0 = Release|Any CPU
		{957EF2DE-C951-85F8-3795-0670CF6B5E1C}.Debug|Any CPU.ActiveCfg = Debug|Any CPU
		{957EF2DE-C951-85F8-3795-0670CF6B5E1C}.Debug|Any CPU.Build.0 = Debug|Any CPU
		{957EF2DE-C951-85F8-3795-0670CF6B5E1C}.Release|Any CPU.ActiveCfg = Release|Any CPU
		{957EF2DE-C951-85F8-3795-0670CF6B5E1C}.Release|Any CPU.Build.0 = Release|Any CPU
		{4D2E0FA3-DF6D-B181-3CF7-B2EDD8133206}.Debug|Any CPU.ActiveCfg = Debug|Any CPU
		{4D2E0FA3-DF6D-B181-3CF7-B2EDD8133206}.Debug|Any CPU.Build.0 = Debug|Any CPU
		{4D2E0FA3-DF6D-B181-3CF7-B2EDD8133206}.Release|Any CPU.ActiveCfg = Release|Any CPU
		{4D2E0FA3-DF6D-B181-3CF7-B2EDD8133206}.Release|Any CPU.Build.0 = Release|Any CPU
		{E947B9AA-9697-3C6E-F614-5F37B171C30D}.Debug|Any CPU.ActiveCfg = Debug|Any CPU
		{E947B9AA-9697-3C6E-F614-5F37B171C30D}.Debug|Any CPU.Build.0 = Debug|Any CPU
		{E947B9AA-9697-3C6E-F614-5F37B171C30D}.Release|Any CPU.ActiveCfg = Release|Any CPU
		{E947B9AA-9697-3C6E-F614-5F37B171C30D}.Release|Any CPU.Build.0 = Release|Any CPU
		{E6C6D1B6-1AC7-D7F2-B957-B93EE368893D}.Debug|Any CPU.ActiveCfg = Debug|Any CPU
		{E6C6D1B6-1AC7-D7F2-B957-B93EE368893D}.Debug|Any CPU.Build.0 = Debug|Any CPU
		{E6C6D1B6-1AC7-D7F2-B957-B93EE368893D}.Release|Any CPU.ActiveCfg = Release|Any CPU
		{E6C6D1B6-1AC7-D7F2-B957-B93EE368893D}.Release|Any CPU.Build.0 = Release|Any CPU
		{12CF8E3C-723D-A774-8C1E-66A282F17233}.Debug|Any CPU.ActiveCfg = Debug|Any CPU
		{12CF8E3C-723D-A774-8C1E-66A282F17233}.Debug|Any CPU.Build.0 = Debug|Any CPU
		{12CF8E3C-723D-A774-8C1E-66A282F17233}.Release|Any CPU.ActiveCfg = Release|Any CPU
		{12CF8E3C-723D-A774-8C1E-66A282F17233}.Release|Any CPU.Build.0 = Release|Any CPU
		{8BAE4E07-0B56-BC58-E26E-8F738A9C4F8C}.Debug|Any CPU.ActiveCfg = Debug|Any CPU
		{8BAE4E07-0B56-BC58-E26E-8F738A9C4F8C}.Debug|Any CPU.Build.0 = Debug|Any CPU
		{8BAE4E07-0B56-BC58-E26E-8F738A9C4F8C}.Release|Any CPU.ActiveCfg = Release|Any CPU
		{8BAE4E07-0B56-BC58-E26E-8F738A9C4F8C}.Release|Any CPU.Build.0 = Release|Any CPU
		{D308453A-89E5-D0CC-68F5-41B4A9409BFB}.Debug|Any CPU.ActiveCfg = Debug|Any CPU
		{D308453A-89E5-D0CC-68F5-41B4A9409BFB}.Debug|Any CPU.Build.0 = Debug|Any CPU
		{D308453A-89E5-D0CC-68F5-41B4A9409BFB}.Release|Any CPU.ActiveCfg = Release|Any CPU
		{D308453A-89E5-D0CC-68F5-41B4A9409BFB}.Release|Any CPU.Build.0 = Release|Any CPU
		{64C8034B-9975-6E74-827A-B87FDFD079E2}.Debug|Any CPU.ActiveCfg = Debug|Any CPU
		{64C8034B-9975-6E74-827A-B87FDFD079E2}.Debug|Any CPU.Build.0 = Debug|Any CPU
		{64C8034B-9975-6E74-827A-B87FDFD079E2}.Release|Any CPU.ActiveCfg = Release|Any CPU
		{64C8034B-9975-6E74-827A-B87FDFD079E2}.Release|Any CPU.Build.0 = Release|Any CPU
		{50234893-0F37-1853-1972-C33A8E1765DF}.Debug|Any CPU.ActiveCfg = Debug|Any CPU
		{50234893-0F37-1853-1972-C33A8E1765DF}.Debug|Any CPU.Build.0 = Debug|Any CPU
		{50234893-0F37-1853-1972-C33A8E1765DF}.Release|Any CPU.ActiveCfg = Release|Any CPU
		{50234893-0F37-1853-1972-C33A8E1765DF}.Release|Any CPU.Build.0 = Release|Any CPU
		{C29749EC-C863-7AF2-6812-A61F477C70EA}.Debug|Any CPU.ActiveCfg = Debug|Any CPU
		{C29749EC-C863-7AF2-6812-A61F477C70EA}.Debug|Any CPU.Build.0 = Debug|Any CPU
		{C29749EC-C863-7AF2-6812-A61F477C70EA}.Release|Any CPU.ActiveCfg = Release|Any CPU
		{C29749EC-C863-7AF2-6812-A61F477C70EA}.Release|Any CPU.Build.0 = Release|Any CPU
		{57B6F2F9-1D6A-3916-6D72-10793CB0B0FC}.Debug|Any CPU.ActiveCfg = Debug|Any CPU
		{57B6F2F9-1D6A-3916-6D72-10793CB0B0FC}.Debug|Any CPU.Build.0 = Debug|Any CPU
		{57B6F2F9-1D6A-3916-6D72-10793CB0B0FC}.Release|Any CPU.ActiveCfg = Release|Any CPU
		{57B6F2F9-1D6A-3916-6D72-10793CB0B0FC}.Release|Any CPU.Build.0 = Release|Any CPU
		{71C73C4E-27FA-5912-92A9-339BF06EB49E}.Debug|Any CPU.ActiveCfg = Debug|Any CPU
		{71C73C4E-27FA-5912-92A9-339BF06EB49E}.Debug|Any CPU.Build.0 = Debug|Any CPU
		{71C73C4E-27FA-5912-92A9-339BF06EB49E}.Release|Any CPU.ActiveCfg = Release|Any CPU
		{71C73C4E-27FA-5912-92A9-339BF06EB49E}.Release|Any CPU.Build.0 = Release|Any CPU
		{70065904-C278-E482-4FDD-A20C7870BF7D}.Debug|Any CPU.ActiveCfg = Debug|Any CPU
		{70065904-C278-E482-4FDD-A20C7870BF7D}.Debug|Any CPU.Build.0 = Debug|Any CPU
		{70065904-C278-E482-4FDD-A20C7870BF7D}.Release|Any CPU.ActiveCfg = Release|Any CPU
		{70065904-C278-E482-4FDD-A20C7870BF7D}.Release|Any CPU.Build.0 = Release|Any CPU
		{536799D6-288A-D80D-EEDF-2FAD8F447588}.Debug|Any CPU.ActiveCfg = Debug|Any CPU
		{536799D6-288A-D80D-EEDF-2FAD8F447588}.Debug|Any CPU.Build.0 = Debug|Any CPU
		{536799D6-288A-D80D-EEDF-2FAD8F447588}.Release|Any CPU.ActiveCfg = Release|Any CPU
		{536799D6-288A-D80D-EEDF-2FAD8F447588}.Release|Any CPU.Build.0 = Release|Any CPU
		{8B725F9A-ADEB-BFD1-CB97-74E636F23C50}.Debug|Any CPU.ActiveCfg = Debug|Any CPU
		{8B725F9A-ADEB-BFD1-CB97-74E636F23C50}.Debug|Any CPU.Build.0 = Debug|Any CPU
		{8B725F9A-ADEB-BFD1-CB97-74E636F23C50}.Release|Any CPU.ActiveCfg = Release|Any CPU
		{8B725F9A-ADEB-BFD1-CB97-74E636F23C50}.Release|Any CPU.Build.0 = Release|Any CPU
		{2D39A8B9-9DF4-D30A-0EFB-120AF85CC2C9}.Debug|Any CPU.ActiveCfg = Debug|Any CPU
		{2D39A8B9-9DF4-D30A-0EFB-120AF85CC2C9}.Debug|Any CPU.Build.0 = Debug|Any CPU
		{2D39A8B9-9DF4-D30A-0EFB-120AF85CC2C9}.Release|Any CPU.ActiveCfg = Release|Any CPU
		{2D39A8B9-9DF4-D30A-0EFB-120AF85CC2C9}.Release|Any CPU.Build.0 = Release|Any CPU
		{FD45C3EC-D9AF-EF0E-BB59-ADBA5734F01D}.Debug|Any CPU.ActiveCfg = Debug|Any CPU
		{FD45C3EC-D9AF-EF0E-BB59-ADBA5734F01D}.Debug|Any CPU.Build.0 = Debug|Any CPU
		{FD45C3EC-D9AF-EF0E-BB59-ADBA5734F01D}.Release|Any CPU.ActiveCfg = Release|Any CPU
		{FD45C3EC-D9AF-EF0E-BB59-ADBA5734F01D}.Release|Any CPU.Build.0 = Release|Any CPU
		{EE0CF471-BA87-2E82-70EA-D5FAC4F1D993}.Debug|Any CPU.ActiveCfg = Debug|Any CPU
		{EE0CF471-BA87-2E82-70EA-D5FAC4F1D993}.Debug|Any CPU.Build.0 = Debug|Any CPU
		{EE0CF471-BA87-2E82-70EA-D5FAC4F1D993}.Release|Any CPU.ActiveCfg = Release|Any CPU
		{EE0CF471-BA87-2E82-70EA-D5FAC4F1D993}.Release|Any CPU.Build.0 = Release|Any CPU
		{CFFF0D51-F7A5-CA10-29EB-4C1E1770BD7E}.Debug|Any CPU.ActiveCfg = Debug|Any CPU
		{CFFF0D51-F7A5-CA10-29EB-4C1E1770BD7E}.Debug|Any CPU.Build.0 = Debug|Any CPU
		{CFFF0D51-F7A5-CA10-29EB-4C1E1770BD7E}.Release|Any CPU.ActiveCfg = Release|Any CPU
		{CFFF0D51-F7A5-CA10-29EB-4C1E1770BD7E}.Release|Any CPU.Build.0 = Release|Any CPU
		{D7638BDD-E7F6-75B4-5FDF-DF20A86CF9A3}.Debug|Any CPU.ActiveCfg = Debug|Any CPU
		{D7638BDD-E7F6-75B4-5FDF-DF20A86CF9A3}.Debug|Any CPU.Build.0 = Debug|Any CPU
		{D7638BDD-E7F6-75B4-5FDF-DF20A86CF9A3}.Release|Any CPU.ActiveCfg = Release|Any CPU
		{D7638BDD-E7F6-75B4-5FDF-DF20A86CF9A3}.Release|Any CPU.Build.0 = Release|Any CPU
		{FBE5B5A7-1810-F3EF-2DD9-FD2A66A13D6A}.Debug|Any CPU.ActiveCfg = Debug|Any CPU
		{FBE5B5A7-1810-F3EF-2DD9-FD2A66A13D6A}.Debug|Any CPU.Build.0 = Debug|Any CPU
		{FBE5B5A7-1810-F3EF-2DD9-FD2A66A13D6A}.Release|Any CPU.ActiveCfg = Release|Any CPU
		{FBE5B5A7-1810-F3EF-2DD9-FD2A66A13D6A}.Release|Any CPU.Build.0 = Release|Any CPU
		{7EDBDEFD-27B5-28D1-3225-19CE43C98311}.Debug|Any CPU.ActiveCfg = Debug|Any CPU
		{7EDBDEFD-27B5-28D1-3225-19CE43C98311}.Debug|Any CPU.Build.0 = Debug|Any CPU
		{7EDBDEFD-27B5-28D1-3225-19CE43C98311}.Release|Any CPU.ActiveCfg = Release|Any CPU
		{7EDBDEFD-27B5-28D1-3225-19CE43C98311}.Release|Any CPU.Build.0 = Release|Any CPU
		{34E98353-BA5A-C2E0-43B4-7FD1D8D9DA8C}.Debug|Any CPU.ActiveCfg = Debug|Any CPU
		{34E98353-BA5A-C2E0-43B4-7FD1D8D9DA8C}.Debug|Any CPU.Build.0 = Debug|Any CPU
		{34E98353-BA5A-C2E0-43B4-7FD1D8D9DA8C}.Release|Any CPU.ActiveCfg = Release|Any CPU
		{34E98353-BA5A-C2E0-43B4-7FD1D8D9DA8C}.Release|Any CPU.Build.0 = Release|Any CPU
		{5A5E65D0-7214-0212-C911-C4CD1FEC08DF}.Debug|Any CPU.ActiveCfg = Debug|Any CPU
		{5A5E65D0-7214-0212-C911-C4CD1FEC08DF}.Debug|Any CPU.Build.0 = Debug|Any CPU
		{5A5E65D0-7214-0212-C911-C4CD1FEC08DF}.Release|Any CPU.ActiveCfg = Release|Any CPU
		{5A5E65D0-7214-0212-C911-C4CD1FEC08DF}.Release|Any CPU.Build.0 = Release|Any CPU
		{D25C81EF-66F0-9846-DA9F-A4D90B21490B}.Debug|Any CPU.ActiveCfg = Debug|Any CPU
		{D25C81EF-66F0-9846-DA9F-A4D90B21490B}.Debug|Any CPU.Build.0 = Debug|Any CPU
		{D25C81EF-66F0-9846-DA9F-A4D90B21490B}.Release|Any CPU.ActiveCfg = Release|Any CPU
		{D25C81EF-66F0-9846-DA9F-A4D90B21490B}.Release|Any CPU.Build.0 = Release|Any CPU
		{71AFAF08-1726-CA8A-13F4-FC6DD9116E62}.Debug|Any CPU.ActiveCfg = Debug|Any CPU
		{71AFAF08-1726-CA8A-13F4-FC6DD9116E62}.Debug|Any CPU.Build.0 = Debug|Any CPU
		{71AFAF08-1726-CA8A-13F4-FC6DD9116E62}.Release|Any CPU.ActiveCfg = Release|Any CPU
		{71AFAF08-1726-CA8A-13F4-FC6DD9116E62}.Release|Any CPU.Build.0 = Release|Any CPU
		{32306893-26E0-90CA-759B-0843BCCE0430}.Debug|Any CPU.ActiveCfg = Debug|Any CPU
		{32306893-26E0-90CA-759B-0843BCCE0430}.Debug|Any CPU.Build.0 = Debug|Any CPU
		{32306893-26E0-90CA-759B-0843BCCE0430}.Release|Any CPU.ActiveCfg = Release|Any CPU
		{32306893-26E0-90CA-759B-0843BCCE0430}.Release|Any CPU.Build.0 = Release|Any CPU
	EndGlobalSection
	GlobalSection(SolutionProperties) = preSolution
		HideSolutionNode = FALSE
	EndGlobalSection
EndGlobal
